{
  "name": "ngrx-wieder",
  "version": "11.0.0",
  "lockfileVersion": 3,
  "requires": true,
  "packages": {
    "": {
      "name": "ngrx-wieder",
      "version": "11.0.0",
      "license": "MIT",
      "dependencies": {
        "ngrx-wieder": "file:",
        "tslib": "^2.0.0"
      },
      "peerDependencies": {
        "@angular/common": "^18.0.0",
        "@angular/core": "^18.0.0",
        "@ngrx/store": "^18.0.0",
        "immer": "6.X - 10.X"
      }
    },
    "node_modules/@angular/common": {
      "version": "18.1.4",
      "resolved": "https://registry.npmjs.org/@angular/common/-/common-18.1.4.tgz",
      "integrity": "sha512-No4lCrL80WlAGg0DAyuPW+jsfA6EIQ06CFrRgt3R6YFrKbIuU0NKUt+D8IB7UNgTLNYXmurxapNf8jef8rq1wg==",
      "license": "MIT",
      "peer": true,
      "dependencies": {
        "tslib": "^2.3.0"
      },
      "engines": {
        "node": "^18.19.1 || ^20.11.1 || >=22.0.0"
      },
      "peerDependencies": {
        "@angular/core": "18.1.4",
        "rxjs": "^6.5.3 || ^7.4.0"
      }
    },
    "node_modules/@angular/core": {
      "version": "18.1.4",
      "resolved": "https://registry.npmjs.org/@angular/core/-/core-18.1.4.tgz",
      "integrity": "sha512-+N3oWYFubT3GdCkBfD/CmH4DGjr/fGFQZChWbph2ZuPpK7JYNgfyvXS4SjLtdL4WTjjBevBTgR70GyLH/5EbKA==",
      "license": "MIT",
      "peer": true,
      "dependencies": {
        "tslib": "^2.3.0"
      },
      "engines": {
        "node": "^18.19.1 || ^20.11.1 || >=22.0.0"
      },
      "peerDependencies": {
        "rxjs": "^6.5.3 || ^7.4.0",
        "zone.js": "~0.14.0"
      }
    },
    "node_modules/@ngrx/store": {
      "version": "18.0.2",
      "resolved": "https://registry.npmjs.org/@ngrx/store/-/store-18.0.2.tgz",
      "integrity": "sha512-ajwv0+njsO4vzArp9esnFvs1wyUb1U1W8E8LSCKrcW2hWWo9o1Pezj+JRsdQwatxHfrrPFuTDyajsl6GQM/JSA==",
      "license": "MIT",
      "peer": true,
      "dependencies": {
        "tslib": "^2.0.0"
      },
      "peerDependencies": {
        "@angular/core": "^18.0.0",
        "rxjs": "^6.5.3 || ^7.5.0"
      }
    },
    "node_modules/immer": {
      "version": "10.1.1",
      "resolved": "https://registry.npmjs.org/immer/-/immer-10.1.1.tgz",
      "integrity": "sha512-s2MPrmjovJcoMaHtx6K11Ra7oD05NT97w1IC5zpMkT6Atjr7H8LjaDd81iIxUYpMKSRRNMJE703M1Fhr/TctHw==",
      "license": "MIT",
      "peer": true,
      "funding": {
        "type": "opencollective",
        "url": "https://opencollective.com/immer"
      }
    },
    "node_modules/ngrx-wieder": {
      "resolved": "",
      "link": true
    },
    "node_modules/rxjs": {
      "version": "7.8.1",
      "resolved": "https://registry.npmjs.org/rxjs/-/rxjs-7.8.1.tgz",
      "integrity": "sha512-AA3TVj+0A2iuIoQkWEK/tqFjBq2j+6PO6Y0zJcvzLAFhEFIO3HL0vls9hWLncZbAAbK0mar7oZ4V079I/qPMxg==",
      "license": "Apache-2.0",
      "peer": true,
      "dependencies": {
        "tslib": "^2.1.0"
      }
    },
    "node_modules/tslib": {
      "version": "2.6.3",
      "resolved": "https://registry.npmjs.org/tslib/-/tslib-2.6.3.tgz",
      "integrity": "sha512-xNvxJEOUiWPGhUuUdQgAJPKOOJfGnIyKySOc09XkKsgdUV/3E2zvwZYdejjmRgPCgcym1juLH3226yA7sEFJKQ==",
      "license": "0BSD"
    },
    "node_modules/zone.js": {
      "version": "0.14.10",
      "resolved": "https://registry.npmjs.org/zone.js/-/zone.js-0.14.10.tgz",
      "integrity": "sha512-YGAhaO7J5ywOXW6InXNlLmfU194F8lVgu7bRntUF3TiG8Y3nBK0x1UJJuHUP/e8IyihkjCYqhCScpSwnlaSRkQ==",
      "license": "MIT",
      "peer": true
    }
  }
}
